Microsoft Visual Studio Solution File, Format Version 12.00
# Visual Studio Version 17
VisualStudioVersion = 17.5.2.0
MinimumVisualStudioVersion = 10.0.40219.1
Project("{FAE04EC0-301F-11D3-BF4B-00C04F79EFBC}") = "TP01", "TP01.csproj", "{C9F68A48-853F-0AB6-DC11-6DC2D2071742}"
EndProject
Global
	GlobalSection(SolutionConfigurationPlatforms) = preSolution
		Debug|Any CPU = Debug|Any CPU
		Release|Any CPU = Release|Any CPU
	EndGlobalSection
	GlobalSection(ProjectConfigurationPlatforms) = postSolution
		{C9F68A48-853F-0AB6-DC11-6DC2D2071742}.Debug|Any CPU.ActiveCfg = Debug|Any CPU
		{C9F68A48-853F-0AB6-DC11-6DC2D2071742}.Debug|Any CPU.Build.0 = Debug|Any CPU
		{C9F68A48-853F-0AB6-DC11-6DC2D2071742}.Release|Any CPU.ActiveCfg = Release|Any CPU
		{C9F68A48-853F-0AB6-DC11-6DC2D2071742}.Release|Any CPU.Build.0 = Release|Any CPU
	EndGlobalSection
	GlobalSection(SolutionProperties) = preSolution
		HideSolutionNode = FALSE
	EndGlobalSection
	GlobalSection(ExtensibilityGlobals) = postSolution
		SolutionGuid = {118CFD98-5005-4BEA-BD2E-BB449BB01CCC}
	EndGlobalSection
EndGlobal
